// !$*UTF8*$!
{
	archiveVersion = 1;
	classes = {
	};
	objectVersion = 56;
	objects = {

/* Begin PBXBuildFile section */
		EBA4392428EC90AB00F10B7D /* NearEarthObjectController.swift in Sources */ = {isa = PBXBuildFile; fileRef = EBA4392328EC90AB00F10B7D /* NearEarthObjectController.swift */; };
		EBC5A7DB28EC83D800A7B339 /* AppDelegate.swift in Sources */ = {isa = PBXBuildFile; fileRef = EBC5A7DA28EC83D800A7B339 /* AppDelegate.swift */; };
		EBC5A7DD28EC83D800A7B339 /* SceneDelegate.swift in Sources */ = {isa = PBXBuildFile; fileRef = EBC5A7DC28EC83D800A7B339 /* SceneDelegate.swift */; };
		EBC5A7DF28EC83D800A7B339 /* ViewController.swift in Sources */ = {isa = PBXBuildFile; fileRef = EBC5A7DE28EC83D800A7B339 /* ViewController.swift */; };
		EBC5A7E228EC83D800A7B339 /* Main.storyboard in Resources */ = {isa = PBXBuildFile; fileRef = EBC5A7E028EC83D800A7B339 /* Main.storyboard */; };
		EBC5A7E428EC83DA00A7B339 /* Assets.xcassets in Resources */ = {isa = PBXBuildFile; fileRef = EBC5A7E328EC83DA00A7B339 /* Assets.xcassets */; };
		EBC5A7F828EC8E0500A7B339 /* NearEarthObject.swift in Sources */ = {isa = PBXBuildFile; fileRef = EBC5A7F728EC8E0500A7B339 /* NearEarthObject.swift */; };
/* End PBXBuildFile section */

/* Begin PBXFileReference section */
		EBA4392328EC90AB00F10B7D /* NearEarthObjectController.swift */ = {isa = PBXFileReference; lastKnownFileType = sourcecode.swift; path = NearEarthObjectController.swift; sourceTree = "<group>"; };
		EBC5A7D728EC83D800A7B339 /* NearEarthObjects.app */ = {isa = PBXFileReference; explicitFileType = wrapper.application; includeInIndex = 0; path = NearEarthObjects.app; sourceTree = BUILT_PRODUCTS_DIR; };
		EBC5A7DA28EC83D800A7B339 /* AppDelegate.swift */ = {isa = PBXFileReference; lastKnownFileType = sourcecode.swift; path = AppDelegate.swift; sourceTree = "<group>"; };
		EBC5A7DC28EC83D800A7B339 /* SceneDelegate.swift */ = {isa = PBXFileReference; lastKnownFileType = sourcecode.swift; path = SceneDelegate.swift; sourceTree = "<group>"; };
		EBC5A7DE28EC83D800A7B339 /* ViewController.swift */ = {isa = PBXFileReference; lastKnownFileType = sourcecode.swift; path = ViewController.swift; sourceTree = "<group>"; };
		EBC5A7E128EC83D800A7B339 /* Base */ = {isa = PBXFileReference; lastKnownFileType = file.storyboard; name = Base; path = Base.lproj/Main.storyboard; sourceTree = "<group>"; };
		EBC5A7E328EC83DA00A7B339 /* Assets.xcassets */ = {isa = PBXFileReference; lastKnownFileType = folder.assetcatalog; path = Assets.xcassets; sourceTree = "<group>"; };
		EBC5A7E828EC83DA00A7B339 /* Info.plist */ = {isa = PBXFileReference; lastKnownFileType = text.plist.xml; path = Info.plist; sourceTree = "<group>"; };
		EBC5A7F728EC8E0500A7B339 /* NearEarthObject.swift */ = {isa = PBXFileReference; lastKnownFileType = sourcecode.swift; path = NearEarthObject.swift; sourceTree = "<group>"; };
/* End PBXFileReference section */

/* Begin PBXFrameworksBuildPhase section */
		EBC5A7D428EC83D800A7B339 /* Frameworks */ = {
			isa = PBXFrameworksBuildPhase;
			buildActionMask = 2147483647;
			files = (
			);
			runOnlyForDeploymentPostprocessing = 0;
		};
/* End PBXFrameworksBuildPhase section */

/* Begin PBXGroup section */
		EBC5A7CE28EC83D800A7B339 = {
			isa = PBXGroup;
			children = (
				EBC5A7D928EC83D800A7B339 /* NearEarthObjects */,
				EBC5A7D828EC83D800A7B339 /* Products */,
			);
			sourceTree = "<group>";
		};
		EBC5A7D828EC83D800A7B339 /* Products */ = {
			isa = PBXGroup;
			children = (
				EBC5A7D728EC83D800A7B339 /* NearEarthObjects.app */,
			);
			name = Products;
			sourceTree = "<group>";
		};
		EBC5A7D928EC83D800A7B339 /* NearEarthObjects */ = {
			isa = PBXGroup;
			children = (
				EBC5A7EF28EC847D00A7B339 /* Storyboards */,
				EBC5A7F428EC84BE00A7B339 /* Model */,
				EBC5A7F028EC849000A7B339 /* Controllers */,
				EBC5A7EE28EC846400A7B339 /* Resources */,
			);
			path = NearEarthObjects;
			sourceTree = "<group>";
		};
		EBC5A7EE28EC846400A7B339 /* Resources */ = {
			isa = PBXGroup;
			children = (
				EBC5A7DA28EC83D800A7B339 /* AppDelegate.swift */,
				EBC5A7DC28EC83D800A7B339 /* SceneDelegate.swift */,
				EBC5A7DE28EC83D800A7B339 /* ViewController.swift */,
				EBC5A7E328EC83DA00A7B339 /* Assets.xcassets */,
				EBC5A7E828EC83DA00A7B339 /* Info.plist */,
			);
			path = Resources;
			sourceTree = "<group>";
		};
		EBC5A7EF28EC847D00A7B339 /* Storyboards */ = {
			isa = PBXGroup;
			children = (
				EBC5A7E028EC83D800A7B339 /* Main.storyboard */,
			);
			path = Storyboards;
			sourceTree = "<group>";
		};
		EBC5A7F028EC849000A7B339 /* Controllers */ = {
			isa = PBXGroup;
			children = (
				EBC5A7F128EC849C00A7B339 /* Model Controllers */,
				EBC5A7F228EC84A900A7B339 /* View Controllers */,
				EBC5A7F328EC84B200A7B339 /* Custom Cell */,
			);
			path = Controllers;
			sourceTree = "<group>";
		};
		EBC5A7F128EC849C00A7B339 /* Model Controllers */ = {
			isa = PBXGroup;
			children = (
				EBA4392328EC90AB00F10B7D /* NearEarthObjectController.swift */,
			);
			path = "Model Controllers";
			sourceTree = "<group>";
		};
		EBC5A7F228EC84A900A7B339 /* View Controllers */ = {
			isa = PBXGroup;
			children = (
			);
			path = "View Controllers";
			sourceTree = "<group>";
		};
		EBC5A7F328EC84B200A7B339 /* Custom Cell */ = {
			isa = PBXGroup;
			children = (
			);
			path = "Custom Cell";
			sourceTree = "<group>";
		};
		EBC5A7F428EC84BE00A7B339 /* Model */ = {
			isa = PBXGroup;
			children = (
				EBC5A7F728EC8E0500A7B339 /* NearEarthObject.swift */,
			);
			path = Model;
			sourceTree = "<group>";
		};
/* End PBXGroup section */

/* Begin PBXNativeTarget section */
		EBC5A7D628EC83D800A7B339 /* NearEarthObjects */ = {
			isa = PBXNativeTarget;
			buildConfigurationList = EBC5A7EB28EC83DA00A7B339 /* Build configuration list for PBXNativeTarget "NearEarthObjects" */;
			buildPhases = (
				EBC5A7D328EC83D800A7B339 /* Sources */,
				EBC5A7D428EC83D800A7B339 /* Frameworks */,
				EBC5A7D528EC83D800A7B339 /* Resources */,
			);
			buildRules = (
			);
			dependencies = (
			);
			name = NearEarthObjects;
			productName = NearEarthObjects;
			productReference = EBC5A7D728EC83D800A7B339 /* NearEarthObjects.app */;
			productType = "com.apple.product-type.application";
		};
/* End PBXNativeTarget section */

/* Begin PBXProject section */
		EBC5A7CF28EC83D800A7B339 /* Project object */ = {
			isa = PBXProject;
			attributes = {
				BuildIndependentTargetsInParallel = 1;
				LastSwiftUpdateCheck = 1400;
				LastUpgradeCheck = 1400;
				TargetAttributes = {
					EBC5A7D628EC83D800A7B339 = {
						CreatedOnToolsVersion = 14.0.1;
					};
				};
			};
			buildConfigurationList = EBC5A7D228EC83D800A7B339 /* Build configuration list for PBXProject "NearEarthObjects" */;
			compatibilityVersion = "Xcode 14.0";
			developmentRegion = en;
			hasScannedForEncodings = 0;
			knownRegions = (
				en,
				Base,
			);
			mainGroup = EBC5A7CE28EC83D800A7B339;
			productRefGroup = EBC5A7D828EC83D800A7B339 /* Products */;
			projectDirPath = "";
			projectRoot = "";
			targets = (
				EBC5A7D628EC83D800A7B339 /* NearEarthObjects */,
			);
		};
/* End PBXProject section */

/* Begin PBXResourcesBuildPhase section */
		EBC5A7D528EC83D800A7B339 /* Resources */ = {
			isa = PBXResourcesBuildPhase;
			buildActionMask = 2147483647;
			files = (
				EBC5A7E428EC83DA00A7B339 /* Assets.xcassets in Resources */,
				EBC5A7E228EC83D800A7B339 /* Main.storyboard in Resources */,
			);
			runOnlyForDeploymentPostprocessing = 0;
		};
/* End PBXResourcesBuildPhase section */

/* Begin PBXSourcesBuildPhase section */
		EBC5A7D328EC83D800A7B339 /* Sources */ = {
			isa = PBXSourcesBuildPhase;
			buildActionMask = 2147483647;
			files = (
				EBC5A7DF28EC83D800A7B339 /* ViewController.swift in Sources */,
				EBC5A7F828EC8E0500A7B339 /* NearEarthObject.swift in Sources */,
				EBC5A7DB28EC83D800A7B339 /* AppDelegate.swift in Sources */,
				EBA4392428EC90AB00F10B7D /* NearEarthObjectController.swift in Sources */,
				EBC5A7DD28EC83D800A7B339 /* SceneDelegate.swift in Sources */,
			);
			runOnlyForDeploymentPostprocessing = 0;
		};
/* End PBXSourcesBuildPhase section */

/* Begin PBXVariantGroup section */
		EBC5A7E028EC83D800A7B339 /* Main.storyboard */ = {
			isa = PBXVariantGroup;
			children = (
				EBC5A7E128EC83D800A7B339 /* Base */,
			);
			name = Main.storyboard;
			sourceTree = "<group>";
		};
/* End PBXVariantGroup section */

/* Begin XCBuildConfiguration section */
		EBC5A7E928EC83DA00A7B339 /* Debug */ = {
			isa = XCBuildConfiguration;
			buildSettings = {
				ALWAYS_SEARCH_USER_PATHS = NO;
				CLANG_ANALYZER_NONNULL = YES;
				CLANG_ANALYZER_NUMBER_OBJECT_CONVERSION = YES_AGGRESSIVE;
				CLANG_CXX_LANGUAGE_STANDARD = "gnu++20";
				CLANG_ENABLE_MODULES = YES;
				CLANG_ENABLE_OBJC_ARC = YES;
				CLANG_ENABLE_OBJC_WEAK = YES;
				CLANG_WARN_BLOCK_CAPTURE_AUTORELEASING = YES;
				CLANG_WARN_BOOL_CONVERSION = YES;
				CLANG_WARN_COMMA = YES;
				CLANG_WARN_CONSTANT_CONVERSION = YES;
				CLANG_WARN_DEPRECATED_OBJC_IMPLEMENTATIONS = YES;
				CLANG_WARN_DIRECT_OBJC_ISA_USAGE = YES_ERROR;
				CLANG_WARN_DOCUMENTATION_COMMENTS = YES;
				CLANG_WARN_EMPTY_BODY = YES;
				CLANG_WARN_ENUM_CONVERSION = YES;
				CLANG_WARN_INFINITE_RECURSION = YES;
				CLANG_WARN_INT_CONVERSION = YES;
				CLANG_WARN_NON_LITERAL_NULL_CONVERSION = YES;
				CLANG_WARN_OBJC_IMPLICIT_RETAIN_SELF = YES;
				CLANG_WARN_OBJC_LITERAL_CONVERSION = YES;
				CLANG_WARN_OBJC_ROOT_CLASS = YES_ERROR;
				CLANG_WARN_QUOTED_INCLUDE_IN_FRAMEWORK_HEADER = YES;
				CLANG_WARN_RANGE_LOOP_ANALYSIS = YES;
				CLANG_WARN_STRICT_PROTOTYPES = YES;
				CLANG_WARN_SUSPICIOUS_MOVE = YES;
				CLANG_WARN_UNGUARDED_AVAILABILITY = YES_AGGRESSIVE;
				CLANG_WARN_UNREACHABLE_CODE = YES;
				CLANG_WARN__DUPLICATE_METHOD_MATCH = YES;
				COPY_PHASE_STRIP = NO;
				DEBUG_INFORMATION_FORMAT = dwarf;
				ENABLE_STRICT_OBJC_MSGSEND = YES;
				ENABLE_TESTABILITY = YES;
				GCC_C_LANGUAGE_STANDARD = gnu11;
				GCC_DYNAMIC_NO_PIC = NO;
				GCC_NO_COMMON_BLOCKS = YES;
				GCC_OPTIMIZATION_LEVEL = 0;
				GCC_PREPROCESSOR_DEFINITIONS = (
					"DEBUG=1",
					"$(inherited)",
				);
				GCC_WARN_64_TO_32_BIT_CONVERSION = YES;
				GCC_WARN_ABOUT_RETURN_TYPE = YES_ERROR;
				GCC_WARN_UNDECLARED_SELECTOR = YES;
				GCC_WARN_UNINITIALIZED_AUTOS = YES_AGGRESSIVE;
				GCC_WARN_UNUSED_FUNCTION = YES;
				GCC_WARN_UNUSED_VARIABLE = YES;
				IPHONEOS_DEPLOYMENT_TARGET = 16.0;
				MTL_ENABLE_DEBUG_INFO = INCLUDE_SOURCE;
				MTL_FAST_MATH = YES;
				ONLY_ACTIVE_ARCH = YES;
				SDKROOT = iphoneos;
				SWIFT_ACTIVE_COMPILATION_CONDITIONS = DEBUG;
				SWIFT_OPTIMIZATION_LEVEL = "-Onone";
			};
			name = Debug;
		};
		EBC5A7EA28EC83DA00A7B339 /* Release */ = {
			isa = XCBuildConfiguration;
			buildSettings = {
				ALWAYS_SEARCH_USER_PATHS = NO;
				CLANG_ANALYZER_NONNULL = YES;
				CLANG_ANALYZER_NUMBER_OBJECT_CONVERSION = YES_AGGRESSIVE;
				CLANG_CXX_LANGUAGE_STANDARD = "gnu++20";
				CLANG_ENABLE_MODULES = YES;
				CLANG_ENABLE_OBJC_ARC = YES;
				CLANG_ENABLE_OBJC_WEAK = YES;
				CLANG_WARN_BLOCK_CAPTURE_AUTORELEASING = YES;
				CLANG_WARN_BOOL_CONVERSION = YES;
				CLANG_WARN_COMMA = YES;
				CLANG_WARN_CONSTANT_CONVERSION = YES;
				CLANG_WARN_DEPRECATED_OBJC_IMPLEMENTATIONS = YES;
				CLANG_WARN_DIRECT_OBJC_ISA_USAGE = YES_ERROR;
				CLANG_WARN_DOCUMENTATION_COMMENTS = YES;
				CLANG_WARN_EMPTY_BODY = YES;
				CLANG_WARN_ENUM_CONVERSION = YES;
				CLANG_WARN_INFINITE_RECURSION = YES;
				CLANG_WARN_INT_CONVERSION = YES;
				CLANG_WARN_NON_LITERAL_NULL_CONVERSION = YES;
				CLANG_WARN_OBJC_IMPLICIT_RETAIN_SELF = YES;
				CLANG_WARN_OBJC_LITERAL_CONVERSION = YES;
				CLANG_WARN_OBJC_ROOT_CLASS = YES_ERROR;
				CLANG_WARN_QUOTED_INCLUDE_IN_FRAMEWORK_HEADER = YES;
				CLANG_WARN_RANGE_LOOP_ANALYSIS = YES;
				CLANG_WARN_STRICT_PROTOTYPES = YES;
				CLANG_WARN_SUSPICIOUS_MOVE = YES;
				CLANG_WARN_UNGUARDED_AVAILABILITY = YES_AGGRESSIVE;
				CLANG_WARN_UNREACHABLE_CODE = YES;
				CLANG_WARN__DUPLICATE_METHOD_MATCH = YES;
				COPY_PHASE_STRIP = NO;
				DEBUG_INFORMATION_FORMAT = "dwarf-with-dsym";
				ENABLE_NS_ASSERTIONS = NO;
				ENABLE_STRICT_OBJC_MSGSEND = YES;
				GCC_C_LANGUAGE_STANDARD = gnu11;
				GCC_NO_COMMON_BLOCKS = YES;
				GCC_WARN_64_TO_32_BIT_CONVERSION = YES;
				GCC_WARN_ABOUT_RETURN_TYPE = YES_ERROR;
				GCC_WARN_UNDECLARED_SELECTOR = YES;
				GCC_WARN_UNINITIALIZED_AUTOS = YES_AGGRESSIVE;
				GCC_WARN_UNUSED_FUNCTION = YES;
				GCC_WARN_UNUSED_VARIABLE = YES;
				IPHONEOS_DEPLOYMENT_TARGET = 16.0;
				MTL_ENABLE_DEBUG_INFO = NO;
				MTL_FAST_MATH = YES;
				SDKROOT = iphoneos;
				SWIFT_COMPILATION_MODE = wholemodule;
				SWIFT_OPTIMIZATION_LEVEL = "-O";
				VALIDATE_PRODUCT = YES;
			};
			name = Release;
		};
		EBC5A7EC28EC83DA00A7B339 /* Debug */ = {
			isa = XCBuildConfiguration;
			buildSettings = {
				ASSETCATALOG_COMPILER_APPICON_NAME = AppIcon;
				ASSETCATALOG_COMPILER_GLOBAL_ACCENT_COLOR_NAME = AccentColor;
				CODE_SIGN_STYLE = Automatic;
				CURRENT_PROJECT_VERSION = 1;
				GENERATE_INFOPLIST_FILE = YES;
				INFOPLIST_FILE = NearEarthObjects/Resources/Info.plist;
				INFOPLIST_KEY_UIApplicationSupportsIndirectInputEvents = YES;
				INFOPLIST_KEY_UILaunchStoryboardName = LaunchScreen;
				INFOPLIST_KEY_UIMainStoryboardFile = Main;
				INFOPLIST_KEY_UISupportedInterfaceOrientations_iPad = "UIInterfaceOrientationPortrait UIInterfaceOrientationPortraitUpsideDown UIInterfaceOrientationLandscapeLeft UIInterfaceOrientationLandscapeRight";
				INFOPLIST_KEY_UISupportedInterfaceOrientations_iPhone = "UIInterfaceOrientationPortrait UIInterfaceOrientationLandscapeLeft UIInterfaceOrientationLandscapeRight";
				LD_RUNPATH_SEARCH_PATHS = (
					"$(inherited)",
					"@executable_path/Frameworks",
				);
				MARKETING_VERSION = 1.0;
				PRODUCT_BUNDLE_IDENTIFIER = com.hallsArchitecture.NearEarthObjects;
				PRODUCT_NAME = "$(TARGET_NAME)";
				SWIFT_EMIT_LOC_STRINGS = YES;
				SWIFT_VERSION = 5.0;
				TARGETED_DEVICE_FAMILY = "1,2";
			};
			name = Debug;
		};
		EBC5A7ED28EC83DA00A7B339 /* Release */ = {
			isa = XCBuildConfiguration;
			buildSettings = {
				ASSETCATALOG_COMPILER_APPICON_NAME = AppIcon;
				ASSETCATALOG_COMPILER_GLOBAL_ACCENT_COLOR_NAME = AccentColor;
				CODE_SIGN_STYLE = Automatic;
				CURRENT_PROJECT_VERSION = 1;
				GENERATE_INFOPLIST_FILE = YES;
				INFOPLIST_FILE = NearEarthObjects/Resources/Info.plist;
				INFOPLIST_KEY_UIApplicationSupportsIndirectInputEvents = YES;
				INFOPLIST_KEY_UILaunchStoryboardName = LaunchScreen;
				INFOPLIST_KEY_UIMainStoryboardFile = Main;
				INFOPLIST_KEY_UISupportedInterfaceOrientations_iPad = "UIInterfaceOrientationPortrait UIInterfaceOrientationPortraitUpsideDown UIInterfaceOrientationLandscapeLeft UIInterfaceOrientationLandscapeRight";
				INFOPLIST_KEY_UISupportedInterfaceOrientations_iPhone = "UIInterfaceOrientationPortrait UIInterfaceOrientationLandscapeLeft UIInterfaceOrientationLandscapeRight";
				LD_RUNPATH_SEARCH_PATHS = (
					"$(inherited)",
					"@executable_path/Frameworks",
				);
				MARKETING_VERSION = 1.0;
				PRODUCT_BUNDLE_IDENTIFIER = com.hallsArchitecture.NearEarthObjects;
				PRODUCT_NAME = "$(TARGET_NAME)";
				SWIFT_EMIT_LOC_STRINGS = YES;
				SWIFT_VERSION = 5.0;
				TARGETED_DEVICE_FAMILY = "1,2";
			};
			name = Release;
		};
/* End XCBuildConfiguration section */

/* Begin XCConfigurationList section */
		EBC5A7D228EC83D800A7B339 /* Build configuration list for PBXProject "NearEarthObjects" */ = {
			isa = XCConfigurationList;
			buildConfigurations = (
				EBC5A7E928EC83DA00A7B339 /* Debug */,
				EBC5A7EA28EC83DA00A7B339 /* Release */,
			);
			defaultConfigurationIsVisible = 0;
			defaultConfigurationName = Release;
		};
		EBC5A7EB28EC83DA00A7B339 /* Build configuration list for PBXNativeTarget "NearEarthObjects" */ = {
			isa = XCConfigurationList;
			buildConfigurations = (
				EBC5A7EC28EC83DA00A7B339 /* Debug */,
				EBC5A7ED28EC83DA00A7B339 /* Release */,
			);
			defaultConfigurationIsVisible = 0;
			defaultConfigurationName = Release;
		};
/* End XCConfigurationList section */
	};
	rootObject = EBC5A7CF28EC83D800A7B339 /* Project object */;
}
